
Microsoft Visual Studio Solution File, Format Version 12.00
# Visual Studio Version 17
VisualStudioVersion = 17.7.34009.444
MinimumVisualStudioVersion = 10.0.40219.1
Project("{FAE04EC0-301F-11D3-BF4B-00C04F79EFBC}") = "C#Basics", "C#Basics\C#Basics.csproj", "{3054F350-C97D-4A6E-8524-24B749A3EDFE}"
EndProject
Global
	GlobalSection(SolutionConfigurationPlatforms) = preSolution
		Debug|Any CPU = Debug|Any CPU
		Release|Any CPU = Release|Any CPU
	EndGlobalSection
	GlobalSection(ProjectConfigurationPlatforms) = postSolution
		{3054F350-C97D-4A6E-8524-24B749A3EDFE}.Debug|Any CPU.ActiveCfg = Debug|Any CPU
		{3054F350-C97D-4A6E-8524-24B749A3EDFE}.Debug|Any CPU.Build.0 = Debug|Any CPU
		{3054F350-C97D-4A6E-8524-24B749A3EDFE}.Release|Any CPU.ActiveCfg = Release|Any CPU
		{3054F350-C97D-4A6E-8524-24B749A3EDFE}.Release|Any CPU.Build.0 = Release|Any CPU
	EndGlobalSection
	GlobalSection(SolutionProperties) = preSolution
		HideSolutionNode = FALSE
	EndGlobalSection
	GlobalSection(ExtensibilityGlobals) = postSolution
		SolutionGuid = {F30A599B-E036-4943-8040-9D8A3D59C805}
	EndGlobalSection
EndGlobal
